{
  "name": "alx-frontend-for-fun",
  "lockfileVersion": 3,
  "requires": true,
  "packages": {
    "": {
      "dependencies": {
        "@sass-fairy/list": "^1.2.4"
      }
    },
    "node_modules/@sass-fairy/exception": {
      "version": "1.1.1",
      "resolved": "https://registry.npmjs.org/@sass-fairy/exception/-/exception-1.1.1.tgz",
      "integrity": "sha512-DP3dwerkS/gE79CaCzaE46zkTSWxmUc8Q/8Io6FC9qYRaNJ5aR8l1IvRbEe6ZnsnVE1+Ow1XOzC9uL2eeh62Hg=="
    },
    "node_modules/@sass-fairy/list": {
      "version": "1.2.4",
      "resolved": "https://registry.npmjs.org/@sass-fairy/list/-/list-1.2.4.tgz",
      "integrity": "sha512-gs+96qO1kqPbnDU0tqG9/V77ceUXtA8grYQ554jIEQKYerFRs8usUs7KUu7JZJfkmEDpyoDbvNm18vr1WVgz6w==",
      "dependencies": {
        "@sass-fairy/exception": "^1.0.0",
        "@sass-fairy/math": "^1.0.0",
        "@sass-fairy/meta": "^1.0.0"
      }
    },
    "node_modules/@sass-fairy/math": {
      "version": "1.0.3",
      "resolved": "https://registry.npmjs.org/@sass-fairy/math/-/math-1.0.3.tgz",
      "integrity": "sha512-Lg/0vwx9Y7BSl/hTy3zO13bObx3dz8wkV/G6suX8B2j3IloXMGZmvdlmGwH+8J4e9/nUA/Yv3N9B6+W/IdLHmw==",
      "dependencies": {
        "@sass-fairy/exception": "^1.0.0"
      }
    },
    "node_modules/@sass-fairy/meta": {
      "version": "1.0.2",
      "resolved": "https://registry.npmjs.org/@sass-fairy/meta/-/meta-1.0.2.tgz",
      "integrity": "sha512-LLQnuY5kLdsGjGM+r94y3xew1wi7iok4Ciw43fYC9fCtyvwbeohMA0OK4vjl2iP9RaGIMEWfpjX7WZ0gSc5sSQ==",
      "dependencies": {
        "@sass-fairy/exception": "^1.0.0"
      }
    }
  }
}
